
Microsoft Visual Studio Solution File, Format Version 10.00
# Visual Studio 2008
Project("{E24C65DC-7377-472B-9ABA-BC803B73C61A}") = "SACNET", "SACNET\", "{C48BD060-15AA-4BAB-A752-C56B16698F11}"
	ProjectSection(WebsiteProperties) = preProject
		SccProjectName = ""
		SccAuxPath = ""
		SccLocalPath = ""
		SccProvider = ""
		TargetFramework = "3.5"
		ProjectReferences = "{6282CBA3-6AEA-4453-8500-1974FF1288BA}|Britanico.SacNet.BusinessLogic.dll;{87F9C437-8CD4-4B4E-892B-C4BC924968A9}|Britanico.SacNet.DataAccess.dll;"
		Debug.AspNetCompiler.VirtualPath = "/SACNET"
		Debug.AspNetCompiler.PhysicalPath = "SACNET\"
		Debug.AspNetCompiler.TargetPath = "PrecompiledWeb\SACNET\"
		Debug.AspNetCompiler.Updateable = "true"
		Debug.AspNetCompiler.ForceOverwrite = "true"
		Debug.AspNetCompiler.FixedNames = "false"
		Debug.AspNetCompiler.Debug = "True"
		Release.AspNetCompiler.VirtualPath = "/SACNET"
		Release.AspNetCompiler.PhysicalPath = "SACNET\"
		Release.AspNetCompiler.TargetPath = "PrecompiledWeb\SACNET\"
		Release.AspNetCompiler.Updateable = "true"
		Release.AspNetCompiler.ForceOverwrite = "true"
		Release.AspNetCompiler.FixedNames = "false"
		Release.AspNetCompiler.Debug = "False"
		VWDPort = "15522"
	EndProjectSection
EndProject
Project("{FAE04EC0-301F-11D3-BF4B-00C04F79EFBC}") = "Britanico.SacNet.BusinessEntities", "Britanico.SacNet.BusinessEntities\Britanico.SacNet.BusinessEntities.csproj", "{A8355143-8EA4-4859-935D-024DD0B54153}"
EndProject
Project("{FAE04EC0-301F-11D3-BF4B-00C04F79EFBC}") = "Britanico.SacNet.DataAccess", "Britanico.SacNet.DataAccess\Britanico.SacNet.DataAccess.csproj", "{87F9C437-8CD4-4B4E-892B-C4BC924968A9}"
EndProject
Project("{FAE04EC0-301F-11D3-BF4B-00C04F79EFBC}") = "Britanico.SacNet.BusinessLogic", "Britanico.SacNet.BusinessLogic\Britanico.SacNet.BusinessLogic.csproj", "{6282CBA3-6AEA-4453-8500-1974FF1288BA}"
EndProject
Project("{54435603-DBB4-11D2-8724-00A0C9A8B90C}") = "SACNETInstall", "SACNETInstall\SACNETInstall.vdproj", "{3C394541-215F-4AED-AD9C-738998F9A12D}"
EndProject
Global
	GlobalSection(SolutionConfigurationPlatforms) = preSolution
		Debug|.NET = Debug|.NET
		Debug|Any CPU = Debug|Any CPU
		Debug|Mixed Platforms = Debug|Mixed Platforms
		Release|.NET = Release|.NET
		Release|Any CPU = Release|Any CPU
		Release|Mixed Platforms = Release|Mixed Platforms
	EndGlobalSection
	GlobalSection(ProjectConfigurationPlatforms) = postSolution
		{C48BD060-15AA-4BAB-A752-C56B16698F11}.Debug|.NET.ActiveCfg = Debug|Any CPU
		{C48BD060-15AA-4BAB-A752-C56B16698F11}.Debug|Any CPU.ActiveCfg = Debug|Any CPU
		{C48BD060-15AA-4BAB-A752-C56B16698F11}.Debug|Any CPU.Build.0 = Debug|Any CPU
		{C48BD060-15AA-4BAB-A752-C56B16698F11}.Debug|Mixed Platforms.ActiveCfg = Debug|Any CPU
		{C48BD060-15AA-4BAB-A752-C56B16698F11}.Debug|Mixed Platforms.Build.0 = Debug|Any CPU
		{C48BD060-15AA-4BAB-A752-C56B16698F11}.Release|.NET.ActiveCfg = Debug|Any CPU
		{C48BD060-15AA-4BAB-A752-C56B16698F11}.Release|Any CPU.ActiveCfg = Debug|Any CPU
		{C48BD060-15AA-4BAB-A752-C56B16698F11}.Release|Any CPU.Build.0 = Debug|Any CPU
		{C48BD060-15AA-4BAB-A752-C56B16698F11}.Release|Mixed Platforms.ActiveCfg = Debug|Any CPU
		{C48BD060-15AA-4BAB-A752-C56B16698F11}.Release|Mixed Platforms.Build.0 = Debug|Any CPU
		{A8355143-8EA4-4859-935D-024DD0B54153}.Debug|.NET.ActiveCfg = Debug|Any CPU
		{A8355143-8EA4-4859-935D-024DD0B54153}.Debug|Any CPU.ActiveCfg = Debug|Any CPU
		{A8355143-8EA4-4859-935D-024DD0B54153}.Debug|Any CPU.Build.0 = Debug|Any CPU
		{A8355143-8EA4-4859-935D-024DD0B54153}.Debug|Mixed Platforms.ActiveCfg = Debug|Any CPU
		{A8355143-8EA4-4859-935D-024DD0B54153}.Debug|Mixed Platforms.Build.0 = Debug|Any CPU
		{A8355143-8EA4-4859-935D-024DD0B54153}.Release|.NET.ActiveCfg = Release|Any CPU
		{A8355143-8EA4-4859-935D-024DD0B54153}.Release|Any CPU.ActiveCfg = Release|Any CPU
		{A8355143-8EA4-4859-935D-024DD0B54153}.Release|Any CPU.Build.0 = Release|Any CPU
		{A8355143-8EA4-4859-935D-024DD0B54153}.Release|Mixed Platforms.ActiveCfg = Release|Any CPU
		{A8355143-8EA4-4859-935D-024DD0B54153}.Release|Mixed Platforms.Build.0 = Release|Any CPU
		{87F9C437-8CD4-4B4E-892B-C4BC924968A9}.Debug|.NET.ActiveCfg = Debug|Any CPU
		{87F9C437-8CD4-4B4E-892B-C4BC924968A9}.Debug|Any CPU.ActiveCfg = Debug|Any CPU
		{87F9C437-8CD4-4B4E-892B-C4BC924968A9}.Debug|Any CPU.Build.0 = Debug|Any CPU
		{87F9C437-8CD4-4B4E-892B-C4BC924968A9}.Debug|Mixed Platforms.ActiveCfg = Debug|Any CPU
		{87F9C437-8CD4-4B4E-892B-C4BC924968A9}.Debug|Mixed Platforms.Build.0 = Debug|Any CPU
		{87F9C437-8CD4-4B4E-892B-C4BC924968A9}.Release|.NET.ActiveCfg = Release|Any CPU
		{87F9C437-8CD4-4B4E-892B-C4BC924968A9}.Release|Any CPU.ActiveCfg = Release|Any CPU
		{87F9C437-8CD4-4B4E-892B-C4BC924968A9}.Release|Any CPU.Build.0 = Release|Any CPU
		{87F9C437-8CD4-4B4E-892B-C4BC924968A9}.Release|Mixed Platforms.ActiveCfg = Release|Any CPU
		{87F9C437-8CD4-4B4E-892B-C4BC924968A9}.Release|Mixed Platforms.Build.0 = Release|Any CPU
		{6282CBA3-6AEA-4453-8500-1974FF1288BA}.Debug|.NET.ActiveCfg = Debug|Any CPU
		{6282CBA3-6AEA-4453-8500-1974FF1288BA}.Debug|Any CPU.ActiveCfg = Debug|Any CPU
		{6282CBA3-6AEA-4453-8500-1974FF1288BA}.Debug|Any CPU.Build.0 = Debug|Any CPU
		{6282CBA3-6AEA-4453-8500-1974FF1288BA}.Debug|Mixed Platforms.ActiveCfg = Debug|Any CPU
		{6282CBA3-6AEA-4453-8500-1974FF1288BA}.Debug|Mixed Platforms.Build.0 = Debug|Any CPU
		{6282CBA3-6AEA-4453-8500-1974FF1288BA}.Release|.NET.ActiveCfg = Release|Any CPU
		{6282CBA3-6AEA-4453-8500-1974FF1288BA}.Release|Any CPU.ActiveCfg = Release|Any CPU
		{6282CBA3-6AEA-4453-8500-1974FF1288BA}.Release|Any CPU.Build.0 = Release|Any CPU
		{6282CBA3-6AEA-4453-8500-1974FF1288BA}.Release|Mixed Platforms.ActiveCfg = Release|Any CPU
		{6282CBA3-6AEA-4453-8500-1974FF1288BA}.Release|Mixed Platforms.Build.0 = Release|Any CPU
		{3C394541-215F-4AED-AD9C-738998F9A12D}.Debug|.NET.ActiveCfg = Debug
		{3C394541-215F-4AED-AD9C-738998F9A12D}.Debug|Any CPU.ActiveCfg = Debug
		{3C394541-215F-4AED-AD9C-738998F9A12D}.Debug|Mixed Platforms.ActiveCfg = Debug
		{3C394541-215F-4AED-AD9C-738998F9A12D}.Release|.NET.ActiveCfg = Release
		{3C394541-215F-4AED-AD9C-738998F9A12D}.Release|Any CPU.ActiveCfg = Release
		{3C394541-215F-4AED-AD9C-738998F9A12D}.Release|Mixed Platforms.ActiveCfg = Release
	EndGlobalSection
	GlobalSection(SolutionProperties) = preSolution
		HideSolutionNode = FALSE
	EndGlobalSection
EndGlobal
