
Microsoft Visual Studio Solution File, Format Version 10.00
# Visual Studio 2008
Project("{E24C65DC-7377-472B-9ABA-BC803B73C61A}") = "ContentTemplateTriggers", "..\..\WebSites\ContentTemplateTriggers\", "{A39059E9-3783-4888-B70E-3EB2A96A8AF9}"
	ProjectSection(WebsiteProperties) = preProject
		TargetFramework = "3.5"
		Debug.AspNetCompiler.VirtualPath = "/ContentTemplateTriggers"
		Debug.AspNetCompiler.PhysicalPath = "..\..\WebSites\ContentTemplateTriggers\"
		Debug.AspNetCompiler.TargetPath = "PrecompiledWeb\ContentTemplateTriggers\"
		Debug.AspNetCompiler.Updateable = "true"
		Debug.AspNetCompiler.ForceOverwrite = "true"
		Debug.AspNetCompiler.FixedNames = "false"
		Debug.AspNetCompiler.Debug = "True"
		Release.AspNetCompiler.VirtualPath = "/ContentTemplateTriggers"
		Release.AspNetCompiler.PhysicalPath = "..\..\WebSites\ContentTemplateTriggers\"
		Release.AspNetCompiler.TargetPath = "PrecompiledWeb\ContentTemplateTriggers\"
		Release.AspNetCompiler.Updateable = "true"
		Release.AspNetCompiler.ForceOverwrite = "true"
		Release.AspNetCompiler.FixedNames = "false"
		Release.AspNetCompiler.Debug = "False"
		VWDPort = "63472"
		DefaultWebSiteLanguage = "Visual C#"
	EndProjectSection
EndProject
Global
	GlobalSection(SolutionConfigurationPlatforms) = preSolution
		Debug|.NET = Debug|.NET
	EndGlobalSection
	GlobalSection(ProjectConfigurationPlatforms) = postSolution
		{A39059E9-3783-4888-B70E-3EB2A96A8AF9}.Debug|.NET.ActiveCfg = Debug|.NET
		{A39059E9-3783-4888-B70E-3EB2A96A8AF9}.Debug|.NET.Build.0 = Debug|.NET
	EndGlobalSection
	GlobalSection(SolutionProperties) = preSolution
		HideSolutionNode = FALSE
	EndGlobalSection
EndGlobal
